
Microsoft Visual Studio Solution File, Format Version 12.00
# Visual Studio Version 17
VisualStudioVersion = 17.2.32516.85
MinimumVisualStudioVersion = 10.0.40219.1
Project("{9A19103F-16F7-4668-BE54-9A1E7A4F7556}") = "BeamNG_LevelCleanUp", "BeamNG_LevelCleanUp\BeamNG_LevelCleanUp.csproj", "{EF4A3BA8-1C97-46E3-BFB2-2DBE4A520087}"
EndProject
Project("{FAE04EC0-301F-11D3-BF4B-00C04F79EFBC}") = "etsmaterialgen", "etsmaterialgen\etsmaterialgen.csproj", "{2C94725F-473F-4A02-875F-D685A9DCC853}"
EndProject
Project("{FAE04EC0-301F-11D3-BF4B-00C04F79EFBC}") = "meta4downloader", "meta4downloader\meta4downloader.csproj", "{9707499A-7DFD-4DE4-AE73-8BAE8520772A}"
EndProject
Project("{FAE04EC0-301F-11D3-BF4B-00C04F79EFBC}") = "ImportTerrainDefaults", "ImportTerrainDefaults\ImportTerrainDefaults.csproj", "{C2434750-5538-45D7-85F4-EE2E9D2AD9C1}"
EndProject
Project("{2150E333-8FDC-42A3-9474-1A3956D46DE8}") = "Solution Items", "Solution Items", "{8EC462FD-D22E-90A8-E5CE-7E832BA40C5D}"
	ProjectSection(SolutionItems) = preProject
		.github\copilot-instructions.md = .github\copilot-instructions.md
		global.json = global.json
	EndProjectSection
EndProject
Project("{FAE04EC0-301F-11D3-BF4B-00C04F79EFBC}") = "Grille.BeamNG.Lib", "Grille.BeamNG.Lib\Grille.BeamNG.Lib.csproj", "{BEB266BB-3A6E-548D-2FB6-C783ED077FC2}"
EndProject
Project("{FAE04EC0-301F-11D3-BF4B-00C04F79EFBC}") = "Grille.BeamNG.Lib_Tests", "Grille.BeamNG.Lib_Tests\Grille.BeamNG.Lib_Tests.csproj", "{C7BD0F6D-027E-9D13-FF01-968F3C286B05}"
EndProject
Project("{FAE04EC0-301F-11D3-BF4B-00C04F79EFBC}") = "BeamNgTerrainPoc", "BeamNgTerrainPoc\BeamNgTerrainPoc.csproj", "{CA8A4997-77E4-4D23-853D-A72E193D5FCA}"
EndProject
Project("{FAE04EC0-301F-11D3-BF4B-00C04F79EFBC}") = "GeoTiff2BeamNG", "GeoTiff2BeamNG\GeoTiff2BeamNG.csproj", "{F761AC07-9C43-3E5E-75AB-35C12E1FC71C}"
EndProject
Global
	GlobalSection(SolutionConfigurationPlatforms) = preSolution
		Debug|Any CPU = Debug|Any CPU
		Release|Any CPU = Release|Any CPU
	EndGlobalSection
	GlobalSection(ProjectConfigurationPlatforms) = postSolution
		{EF4A3BA8-1C97-46E3-BFB2-2DBE4A520087}.Debug|Any CPU.ActiveCfg = Debug|Any CPU
		{EF4A3BA8-1C97-46E3-BFB2-2DBE4A520087}.Debug|Any CPU.Build.0 = Debug|Any CPU
		{EF4A3BA8-1C97-46E3-BFB2-2DBE4A520087}.Release|Any CPU.ActiveCfg = Release|Any CPU
		{EF4A3BA8-1C97-46E3-BFB2-2DBE4A520087}.Release|Any CPU.Build.0 = Release|Any CPU
		{2C94725F-473F-4A02-875F-D685A9DCC853}.Debug|Any CPU.ActiveCfg = Debug|Any CPU
		{2C94725F-473F-4A02-875F-D685A9DCC853}.Debug|Any CPU.Build.0 = Debug|Any CPU
		{2C94725F-473F-4A02-875F-D685A9DCC853}.Release|Any CPU.ActiveCfg = Release|Any CPU
		{2C94725F-473F-4A02-875F-D685A9DCC853}.Release|Any CPU.Build.0 = Release|Any CPU
		{9707499A-7DFD-4DE4-AE73-8BAE8520772A}.Debug|Any CPU.ActiveCfg = Debug|Any CPU
		{9707499A-7DFD-4DE4-AE73-8BAE8520772A}.Debug|Any CPU.Build.0 = Debug|Any CPU
		{9707499A-7DFD-4DE4-AE73-8BAE8520772A}.Release|Any CPU.ActiveCfg = Release|Any CPU
		{9707499A-7DFD-4DE4-AE73-8BAE8520772A}.Release|Any CPU.Build.0 = Release|Any CPU
		{C2434750-5538-45D7-85F4-EE2E9D2AD9C1}.Debug|Any CPU.ActiveCfg = Debug|Any CPU
		{C2434750-5538-45D7-85F4-EE2E9D2AD9C1}.Debug|Any CPU.Build.0 = Debug|Any CPU
		{C2434750-5538-45D7-85F4-EE2E9D2AD9C1}.Release|Any CPU.ActiveCfg = Release|Any CPU
		{C2434750-5538-45D7-85F4-EE2E9D2AD9C1}.Release|Any CPU.Build.0 = Release|Any CPU
		{BEB266BB-3A6E-548D-2FB6-C783ED077FC2}.Debug|Any CPU.ActiveCfg = Debug|Any CPU
		{BEB266BB-3A6E-548D-2FB6-C783ED077FC2}.Debug|Any CPU.Build.0 = Debug|Any CPU
		{BEB266BB-3A6E-548D-2FB6-C783ED077FC2}.Release|Any CPU.ActiveCfg = Release|Any CPU
		{BEB266BB-3A6E-548D-2FB6-C783ED077FC2}.Release|Any CPU.Build.0 = Release|Any CPU
		{C7BD0F6D-027E-9D13-FF01-968F3C286B05}.Debug|Any CPU.ActiveCfg = Debug|Any CPU
		{C7BD0F6D-027E-9D13-FF01-968F3C286B05}.Debug|Any CPU.Build.0 = Debug|Any CPU
		{C7BD0F6D-027E-9D13-FF01-968F3C286B05}.Release|Any CPU.ActiveCfg = Release|Any CPU
		{C7BD0F6D-027E-9D13-FF01-968F3C286B05}.Release|Any CPU.Build.0 = Release|Any CPU
		{CA8A4997-77E4-4D23-853D-A72E193D5FCA}.Debug|Any CPU.ActiveCfg = Debug|Any CPU
		{CA8A4997-77E4-4D23-853D-A72E193D5FCA}.Debug|Any CPU.Build.0 = Debug|Any CPU
		{CA8A4997-77E4-4D23-853D-A72E193D5FCA}.Release|Any CPU.ActiveCfg = Release|Any CPU
		{CA8A4997-77E4-4D23-853D-A72E193D5FCA}.Release|Any CPU.Build.0 = Release|Any CPU
		{F761AC07-9C43-3E5E-75AB-35C12E1FC71C}.Debug|Any CPU.ActiveCfg = Debug|Any CPU
		{F761AC07-9C43-3E5E-75AB-35C12E1FC71C}.Debug|Any CPU.Build.0 = Debug|Any CPU
		{F761AC07-9C43-3E5E-75AB-35C12E1FC71C}.Release|Any CPU.ActiveCfg = Release|Any CPU
		{F761AC07-9C43-3E5E-75AB-35C12E1FC71C}.Release|Any CPU.Build.0 = Release|Any CPU
	EndGlobalSection
	GlobalSection(SolutionProperties) = preSolution
		HideSolutionNode = FALSE
	EndGlobalSection
	GlobalSection(ExtensibilityGlobals) = postSolution
		SolutionGuid = {797343E9-F72B-4C3B-89E9-8FF19D074217}
	EndGlobalSection
EndGlobal
